
Microsoft Visual Studio Solution File, Format Version 12.00
# Visual Studio Version 16
VisualStudioVersion = 16.0.31112.23
MinimumVisualStudioVersion = 10.0.40219.1
Project("{FAE04EC0-301F-11D3-BF4B-00C04F79EFBC}") = "ExemploMetodosDeExtensao", "ExemploMetodosDeExtensao\ExemploMetodosDeExtensao.csproj", "{EBC7D89D-D606-40C9-8510-A0EF6C43CEC9}"
EndProject
Global
	GlobalSection(SolutionConfigurationPlatforms) = preSolution
		Debug|Any CPU = Debug|Any CPU
		Release|Any CPU = Release|Any CPU
	EndGlobalSection
	GlobalSection(ProjectConfigurationPlatforms) = postSolution
		{EBC7D89D-D606-40C9-8510-A0EF6C43CEC9}.Debug|Any CPU.ActiveCfg = Debug|Any CPU
		{EBC7D89D-D606-40C9-8510-A0EF6C43CEC9}.Debug|Any CPU.Build.0 = Debug|Any CPU
		{EBC7D89D-D606-40C9-8510-A0EF6C43CEC9}.Release|Any CPU.ActiveCfg = Release|Any CPU
		{EBC7D89D-D606-40C9-8510-A0EF6C43CEC9}.Release|Any CPU.Build.0 = Release|Any CPU
	EndGlobalSection
	GlobalSection(SolutionProperties) = preSolution
		HideSolutionNode = FALSE
	EndGlobalSection
	GlobalSection(ExtensibilityGlobals) = postSolution
		SolutionGuid = {8EBD2174-9E34-40C1-99D6-850F20CEA65D}
	EndGlobalSection
EndGlobal
